{
  "version": 4,
  "terraform_version": "1.5.6",
  "serial": 3,
  "lineage": "420acc6c-aa03-8cc8-09f6-ac20c1f95033",
  "outputs": {},
  "resources": [
    {
      "mode": "managed",
      "type": "azurerm_resource_group",
      "name": "rgwe",
      "provider": "provider[\"registry.terraform.io/hashicorp/azurerm\"]",
      "instances": [
        {
          "schema_version": 0,
          "attributes": {
            "id": "/subscriptions/5513747a-818d-4f48-83b0-da2b2fd4cb97/resourceGroups/rg-demo-001",
            "location": "westeurope",
            "managed_by": "",
            "name": "rg-demo-001",
            "tags": {
              "billing_code": "ID123SDC",
              "company": "LearnIT",
              "project": "LearnIT-Project-TF-101"
            },
            "timeouts": null
          },
          "sensitive_attributes": [],
          "private": "eyJlMmJmYjczMC1lY2FhLTExZTYtOGY4OC0zNDM2M2JjN2M0YzAiOnsiY3JlYXRlIjo1NDAwMDAwMDAwMDAwLCJkZWxldGUiOjU0MDAwMDAwMDAwMDAsInJlYWQiOjMwMDAwMDAwMDAwMCwidXBkYXRlIjo1NDAwMDAwMDAwMDAwfX0="
        }
      ]
    },
    {
      "mode": "managed",
      "type": "azurerm_storage_account",
      "name": "sa-demo",
      "provider": "provider[\"registry.terraform.io/hashicorp/azurerm\"]",
      "instances": [
        {
          "schema_version": 4,
          "attributes": {
            "access_tier": "Hot",
            "account_kind": "StorageV2",
            "account_replication_type": "LRS",
            "account_tier": "Standard",
            "allow_nested_items_to_be_public": true,
            "allowed_copy_scope": "",
            "azure_files_authentication": [],
            "blob_properties": [
              {
                "change_feed_enabled": false,
                "change_feed_retention_in_days": 0,
                "container_delete_retention_policy": [],
                "cors_rule": [],
                "default_service_version": "",
                "delete_retention_policy": [],
                "last_access_time_enabled": false,
                "restore_policy": [],
                "versioning_enabled": false
              }
            ],
            "cross_tenant_replication_enabled": true,
            "custom_domain": [],
            "customer_managed_key": [],
            "default_to_oauth_authentication": false,
            "edge_zone": "",
            "enable_https_traffic_only": true,
            "id": "/subscriptions/5513747a-818d-4f48-83b0-da2b2fd4cb97/resourceGroups/rg-demo-001/providers/Microsoft.Storage/storageAccounts/satimdemo7643",
            "identity": [],
            "immutability_policy": [],
            "infrastructure_encryption_enabled": false,
            "is_hns_enabled": false,
            "large_file_share_enabled": null,
            "location": "westeurope",
            "min_tls_version": "TLS1_2",
            "name": "satimdemo7643",
            "network_rules": [
              {
                "bypass": [
                  "AzureServices"
                ],
                "default_action": "Allow",
                "ip_rules": [],
                "private_link_access": [],
                "virtual_network_subnet_ids": []
              }
            ],
            "nfsv3_enabled": false,
            "primary_access_key": "CNZA2N1FikYzcENnSu5KSmq1o9nsuQ6U/SgzXG79IbxCiaN1+/mf0l+aardJXIFh7ip/PByf89Tk+AStKtR2Tg==",
            "primary_blob_connection_string": "DefaultEndpointsProtocol=https;BlobEndpoint=https://satimdemo7643.blob.core.windows.net/;AccountName=satimdemo7643;AccountKey=CNZA2N1FikYzcENnSu5KSmq1o9nsuQ6U/SgzXG79IbxCiaN1+/mf0l+aardJXIFh7ip/PByf89Tk+AStKtR2Tg==",
            "primary_blob_endpoint": "https://satimdemo7643.blob.core.windows.net/",
            "primary_blob_host": "satimdemo7643.blob.core.windows.net",
            "primary_connection_string": "DefaultEndpointsProtocol=https;AccountName=satimdemo7643;AccountKey=CNZA2N1FikYzcENnSu5KSmq1o9nsuQ6U/SgzXG79IbxCiaN1+/mf0l+aardJXIFh7ip/PByf89Tk+AStKtR2Tg==;EndpointSuffix=core.windows.net",
            "primary_dfs_endpoint": "https://satimdemo7643.dfs.core.windows.net/",
            "primary_dfs_host": "satimdemo7643.dfs.core.windows.net",
            "primary_file_endpoint": "https://satimdemo7643.file.core.windows.net/",
            "primary_file_host": "satimdemo7643.file.core.windows.net",
            "primary_location": "westeurope",
            "primary_queue_endpoint": "https://satimdemo7643.queue.core.windows.net/",
            "primary_queue_host": "satimdemo7643.queue.core.windows.net",
            "primary_table_endpoint": "https://satimdemo7643.table.core.windows.net/",
            "primary_table_host": "satimdemo7643.table.core.windows.net",
            "primary_web_endpoint": "https://satimdemo7643.z6.web.core.windows.net/",
            "primary_web_host": "satimdemo7643.z6.web.core.windows.net",
            "public_network_access_enabled": true,
            "queue_encryption_key_type": "Service",
            "queue_properties": [
              {
                "cors_rule": [],
                "hour_metrics": [
                  {
                    "enabled": true,
                    "include_apis": true,
                    "retention_policy_days": 7,
                    "version": "1.0"
                  }
                ],
                "logging": [
                  {
                    "delete": false,
                    "read": false,
                    "retention_policy_days": 0,
                    "version": "1.0",
                    "write": false
                  }
                ],
                "minute_metrics": [
                  {
                    "enabled": false,
                    "include_apis": false,
                    "retention_policy_days": 0,
                    "version": "1.0"
                  }
                ]
              }
            ],
            "resource_group_name": "rg-demo-001",
            "routing": [],
            "sas_policy": [],
            "secondary_access_key": "8qZ+/yh9o1HeYhWHadin1pAgIkGXk6Kp84IWsnqRbsVNdtGQxUHH/pV1Ja37f8SsB178ufanMJn/+ASt80IX8Q==",
            "secondary_blob_connection_string": "",
            "secondary_blob_endpoint": null,
            "secondary_blob_host": null,
            "secondary_connection_string": "DefaultEndpointsProtocol=https;AccountName=satimdemo7643;AccountKey=8qZ+/yh9o1HeYhWHadin1pAgIkGXk6Kp84IWsnqRbsVNdtGQxUHH/pV1Ja37f8SsB178ufanMJn/+ASt80IX8Q==;EndpointSuffix=core.windows.net",
            "secondary_dfs_endpoint": null,
            "secondary_dfs_host": null,
            "secondary_file_endpoint": null,
            "secondary_file_host": null,
            "secondary_location": "",
            "secondary_queue_endpoint": null,
            "secondary_queue_host": null,
            "secondary_table_endpoint": null,
            "secondary_table_host": null,
            "secondary_web_endpoint": null,
            "secondary_web_host": null,
            "sftp_enabled": false,
            "share_properties": [
              {
                "cors_rule": [],
                "retention_policy": [
                  {
                    "days": 7
                  }
                ],
                "smb": []
              }
            ],
            "shared_access_key_enabled": true,
            "static_website": [],
            "table_encryption_key_type": "Service",
            "tags": {
              "billing_code": "ID123SDC",
              "company": "LearnIT",
              "project": "LearnIT-Project-TF-101"
            },
            "timeouts": null
          },
          "sensitive_attributes": [],
          "private": "eyJlMmJmYjczMC1lY2FhLTExZTYtOGY4OC0zNDM2M2JjN2M0YzAiOnsiY3JlYXRlIjozNjAwMDAwMDAwMDAwLCJkZWxldGUiOjM2MDAwMDAwMDAwMDAsInJlYWQiOjMwMDAwMDAwMDAwMCwidXBkYXRlIjozNjAwMDAwMDAwMDAwfSwic2NoZW1hX3ZlcnNpb24iOiI0In0=",
          "dependencies": [
            "azurerm_resource_group.rgwe"
          ]
        }
      ]
    }
  ],
  "check_results": null
}
